
Microsoft Visual Studio Solution File, Format Version 12.00
# Visual Studio 15
Project("{FAE04EC0-301F-11D3-BF4B-00C04F79EFBC}") = "SuperTiled2Unity", "SuperTiled2Unity.csproj", "{08258E0A-F2F7-7F35-23A9-9950A9A9A5D3}"
EndProject
Project("{FAE04EC0-301F-11D3-BF4B-00C04F79EFBC}") = "Assembly-CSharp", "Assembly-CSharp.csproj", "{EB4DCCDA-CF69-D8D5-876F-6349F8D89088}"
EndProject
Project("{FAE04EC0-301F-11D3-BF4B-00C04F79EFBC}") = "SuperTiled2UnityEditor", "SuperTiled2UnityEditor.csproj", "{877CB733-B4C1-FD34-FB0E-C8738648F450}"
EndProject
Global
	GlobalSection(SolutionConfigurationPlatforms) = preSolution
		Debug|Any CPU = Debug|Any CPU
		Release|Any CPU = Release|Any CPU
	EndGlobalSection
	GlobalSection(ProjectConfigurationPlatforms) = postSolution
		{08258E0A-F2F7-7F35-23A9-9950A9A9A5D3}.Debug|Any CPU.ActiveCfg = Debug|Any CPU
		{08258E0A-F2F7-7F35-23A9-9950A9A9A5D3}.Debug|Any CPU.Build.0 = Debug|Any CPU
		{08258E0A-F2F7-7F35-23A9-9950A9A9A5D3}.Release|Any CPU.ActiveCfg = Release|Any CPU
		{08258E0A-F2F7-7F35-23A9-9950A9A9A5D3}.Release|Any CPU.Build.0 = Release|Any CPU
		{EB4DCCDA-CF69-D8D5-876F-6349F8D89088}.Debug|Any CPU.ActiveCfg = Debug|Any CPU
		{EB4DCCDA-CF69-D8D5-876F-6349F8D89088}.Debug|Any CPU.Build.0 = Debug|Any CPU
		{EB4DCCDA-CF69-D8D5-876F-6349F8D89088}.Release|Any CPU.ActiveCfg = Release|Any CPU
		{EB4DCCDA-CF69-D8D5-876F-6349F8D89088}.Release|Any CPU.Build.0 = Release|Any CPU
		{877CB733-B4C1-FD34-FB0E-C8738648F450}.Debug|Any CPU.ActiveCfg = Debug|Any CPU
		{877CB733-B4C1-FD34-FB0E-C8738648F450}.Debug|Any CPU.Build.0 = Debug|Any CPU
		{877CB733-B4C1-FD34-FB0E-C8738648F450}.Release|Any CPU.ActiveCfg = Release|Any CPU
		{877CB733-B4C1-FD34-FB0E-C8738648F450}.Release|Any CPU.Build.0 = Release|Any CPU
	EndGlobalSection
	GlobalSection(SolutionProperties) = preSolution
		HideSolutionNode = FALSE
	EndGlobalSection
EndGlobal
